// !$*UTF8*$!
{
	archiveVersion = 1;
	classes = {
	};
	objectVersion = 50;
	objects = {

/* Begin PBXBuildFile section */
		4500150924BC0D00009E9041 /* MianTestViewController.swift in Sources */ = {isa = PBXBuildFile; fileRef = 4500150824BC0D00009E9041 /* MianTestViewController.swift */; };
		455AAA3624B5993300842D94 /* SetViewController.swift in Sources */ = {isa = PBXBuildFile; fileRef = 455AAA3524B5993300842D94 /* SetViewController.swift */; };
		455AAA3824B5B3F400842D94 /* DictionaryViewController.swift in Sources */ = {isa = PBXBuildFile; fileRef = 455AAA3724B5B3F400842D94 /* DictionaryViewController.swift */; };
		455AAA3A24B5C5C300842D94 /* CommandViewController.swift in Sources */ = {isa = PBXBuildFile; fileRef = 455AAA3924B5C5C300842D94 /* CommandViewController.swift */; };
		455EE4F024B6BBF900C00CFE /* FuncViewController.swift in Sources */ = {isa = PBXBuildFile; fileRef = 455EE4EF24B6BBF900C00CFE /* FuncViewController.swift */; };
		45BE376E24B2D2E200D01B7C /* OperationViewController.swift in Sources */ = {isa = PBXBuildFile; fileRef = 45BE376D24B2D2E200D01B7C /* OperationViewController.swift */; };
		45BE377024B301A100D01B7C /* StringViewController.swift in Sources */ = {isa = PBXBuildFile; fileRef = 45BE376F24B301A100D01B7C /* StringViewController.swift */; };
		45BE8C4024B47AC600856FAC /* ArrayViewController.swift in Sources */ = {isa = PBXBuildFile; fileRef = 45BE8C3F24B47AC600856FAC /* ArrayViewController.swift */; };
		45E09BAC24B9A4B0009EADA5 /* BlockViewController.swift in Sources */ = {isa = PBXBuildFile; fileRef = 45E09BAB24B9A4B0009EADA5 /* BlockViewController.swift */; };
		45FBD77D24AAD03400263F21 /* AppDelegate.swift in Sources */ = {isa = PBXBuildFile; fileRef = 45FBD77C24AAD03400263F21 /* AppDelegate.swift */; };
		45FBD77F24AAD03400263F21 /* SceneDelegate.swift in Sources */ = {isa = PBXBuildFile; fileRef = 45FBD77E24AAD03400263F21 /* SceneDelegate.swift */; };
		45FBD78124AAD03400263F21 /* ViewController.swift in Sources */ = {isa = PBXBuildFile; fileRef = 45FBD78024AAD03400263F21 /* ViewController.swift */; };
		45FBD78424AAD03400263F21 /* Main.storyboard in Resources */ = {isa = PBXBuildFile; fileRef = 45FBD78224AAD03400263F21 /* Main.storyboard */; };
		45FBD78624AAD03800263F21 /* Assets.xcassets in Resources */ = {isa = PBXBuildFile; fileRef = 45FBD78524AAD03800263F21 /* Assets.xcassets */; };
		45FBD78924AAD03800263F21 /* LaunchScreen.storyboard in Resources */ = {isa = PBXBuildFile; fileRef = 45FBD78724AAD03800263F21 /* LaunchScreen.storyboard */; };
/* End PBXBuildFile section */

/* Begin PBXFileReference section */
		4500150824BC0D00009E9041 /* MianTestViewController.swift */ = {isa = PBXFileReference; lastKnownFileType = sourcecode.swift; path = MianTestViewController.swift; sourceTree = "<group>"; };
		455AAA3524B5993300842D94 /* SetViewController.swift */ = {isa = PBXFileReference; lastKnownFileType = sourcecode.swift; path = SetViewController.swift; sourceTree = "<group>"; };
		455AAA3724B5B3F400842D94 /* DictionaryViewController.swift */ = {isa = PBXFileReference; lastKnownFileType = sourcecode.swift; path = DictionaryViewController.swift; sourceTree = "<group>"; };
		455AAA3924B5C5C300842D94 /* CommandViewController.swift */ = {isa = PBXFileReference; lastKnownFileType = sourcecode.swift; path = CommandViewController.swift; sourceTree = "<group>"; };
		455EE4EF24B6BBF900C00CFE /* FuncViewController.swift */ = {isa = PBXFileReference; lastKnownFileType = sourcecode.swift; path = FuncViewController.swift; sourceTree = "<group>"; };
		45BE376D24B2D2E200D01B7C /* OperationViewController.swift */ = {isa = PBXFileReference; lastKnownFileType = sourcecode.swift; path = OperationViewController.swift; sourceTree = "<group>"; };
		45BE376F24B301A100D01B7C /* StringViewController.swift */ = {isa = PBXFileReference; lastKnownFileType = sourcecode.swift; path = StringViewController.swift; sourceTree = "<group>"; };
		45BE8C3F24B47AC600856FAC /* ArrayViewController.swift */ = {isa = PBXFileReference; lastKnownFileType = sourcecode.swift; path = ArrayViewController.swift; sourceTree = "<group>"; };
		45E09BAB24B9A4B0009EADA5 /* BlockViewController.swift */ = {isa = PBXFileReference; lastKnownFileType = sourcecode.swift; path = BlockViewController.swift; sourceTree = "<group>"; };
		45FBD77924AAD03400263F21 /* SwiftCourse.app */ = {isa = PBXFileReference; explicitFileType = wrapper.application; includeInIndex = 0; path = SwiftCourse.app; sourceTree = BUILT_PRODUCTS_DIR; };
		45FBD77C24AAD03400263F21 /* AppDelegate.swift */ = {isa = PBXFileReference; lastKnownFileType = sourcecode.swift; path = AppDelegate.swift; sourceTree = "<group>"; };
		45FBD77E24AAD03400263F21 /* SceneDelegate.swift */ = {isa = PBXFileReference; lastKnownFileType = sourcecode.swift; path = SceneDelegate.swift; sourceTree = "<group>"; };
		45FBD78024AAD03400263F21 /* ViewController.swift */ = {isa = PBXFileReference; lastKnownFileType = sourcecode.swift; path = ViewController.swift; sourceTree = "<group>"; };
		45FBD78324AAD03400263F21 /* Base */ = {isa = PBXFileReference; lastKnownFileType = file.storyboard; name = Base; path = Base.lproj/Main.storyboard; sourceTree = "<group>"; };
		45FBD78524AAD03800263F21 /* Assets.xcassets */ = {isa = PBXFileReference; lastKnownFileType = folder.assetcatalog; path = Assets.xcassets; sourceTree = "<group>"; };
		45FBD78824AAD03800263F21 /* Base */ = {isa = PBXFileReference; lastKnownFileType = file.storyboard; name = Base; path = Base.lproj/LaunchScreen.storyboard; sourceTree = "<group>"; };
		45FBD78A24AAD03800263F21 /* Info.plist */ = {isa = PBXFileReference; lastKnownFileType = text.plist.xml; path = Info.plist; sourceTree = "<group>"; };
/* End PBXFileReference section */

/* Begin PBXFrameworksBuildPhase section */
		45FBD77624AAD03400263F21 /* Frameworks */ = {
			isa = PBXFrameworksBuildPhase;
			buildActionMask = 2147483647;
			files = (
			);
			runOnlyForDeploymentPostprocessing = 0;
		};
/* End PBXFrameworksBuildPhase section */

/* Begin PBXGroup section */
		45FBD77024AAD03400263F21 = {
			isa = PBXGroup;
			children = (
				45FBD77B24AAD03400263F21 /* SwiftCourse */,
				45FBD77A24AAD03400263F21 /* Products */,
			);
			sourceTree = "<group>";
		};
		45FBD77A24AAD03400263F21 /* Products */ = {
			isa = PBXGroup;
			children = (
				45FBD77924AAD03400263F21 /* SwiftCourse.app */,
			);
			name = Products;
			sourceTree = "<group>";
		};
		45FBD77B24AAD03400263F21 /* SwiftCourse */ = {
			isa = PBXGroup;
			children = (
				45FBD77C24AAD03400263F21 /* AppDelegate.swift */,
				45FBD77E24AAD03400263F21 /* SceneDelegate.swift */,
				4500150824BC0D00009E9041 /* MianTestViewController.swift */,
				45FBD78024AAD03400263F21 /* ViewController.swift */,
				45BE376D24B2D2E200D01B7C /* OperationViewController.swift */,
				45BE376F24B301A100D01B7C /* StringViewController.swift */,
				45BE8C3F24B47AC600856FAC /* ArrayViewController.swift */,
				455AAA3524B5993300842D94 /* SetViewController.swift */,
				455AAA3724B5B3F400842D94 /* DictionaryViewController.swift */,
				455AAA3924B5C5C300842D94 /* CommandViewController.swift */,
				455EE4EF24B6BBF900C00CFE /* FuncViewController.swift */,
				45E09BAB24B9A4B0009EADA5 /* BlockViewController.swift */,
				45FBD78224AAD03400263F21 /* Main.storyboard */,
				45FBD78524AAD03800263F21 /* Assets.xcassets */,
				45FBD78724AAD03800263F21 /* LaunchScreen.storyboard */,
				45FBD78A24AAD03800263F21 /* Info.plist */,
			);
			path = SwiftCourse;
			sourceTree = "<group>";
		};
/* End PBXGroup section */

/* Begin PBXNativeTarget section */
		45FBD77824AAD03400263F21 /* SwiftCourse */ = {
			isa = PBXNativeTarget;
			buildConfigurationList = 45FBD78D24AAD03800263F21 /* Build configuration list for PBXNativeTarget "SwiftCourse" */;
			buildPhases = (
				45FBD77524AAD03400263F21 /* Sources */,
				45FBD77624AAD03400263F21 /* Frameworks */,
				45FBD77724AAD03400263F21 /* Resources */,
			);
			buildRules = (
			);
			dependencies = (
			);
			name = SwiftCourse;
			productName = SwiftCourse;
			productReference = 45FBD77924AAD03400263F21 /* SwiftCourse.app */;
			productType = "com.apple.product-type.application";
		};
/* End PBXNativeTarget section */

/* Begin PBXProject section */
		45FBD77124AAD03400263F21 /* Project object */ = {
			isa = PBXProject;
			attributes = {
				LastSwiftUpdateCheck = 1130;
				LastUpgradeCheck = 1130;
				ORGANIZATIONNAME = "九天";
				TargetAttributes = {
					45FBD77824AAD03400263F21 = {
						CreatedOnToolsVersion = 11.3.1;
					};
				};
			};
			buildConfigurationList = 45FBD77424AAD03400263F21 /* Build configuration list for PBXProject "SwiftCourse" */;
			compatibilityVersion = "Xcode 9.3";
			developmentRegion = en;
			hasScannedForEncodings = 0;
			knownRegions = (
				en,
				Base,
			);
			mainGroup = 45FBD77024AAD03400263F21;
			productRefGroup = 45FBD77A24AAD03400263F21 /* Products */;
			projectDirPath = "";
			projectRoot = "";
			targets = (
				45FBD77824AAD03400263F21 /* SwiftCourse */,
			);
		};
/* End PBXProject section */

/* Begin PBXResourcesBuildPhase section */
		45FBD77724AAD03400263F21 /* Resources */ = {
			isa = PBXResourcesBuildPhase;
			buildActionMask = 2147483647;
			files = (
				45FBD78924AAD03800263F21 /* LaunchScreen.storyboard in Resources */,
				45FBD78624AAD03800263F21 /* Assets.xcassets in Resources */,
				45FBD78424AAD03400263F21 /* Main.storyboard in Resources */,
			);
			runOnlyForDeploymentPostprocessing = 0;
		};
/* End PBXResourcesBuildPhase section */

/* Begin PBXSourcesBuildPhase section */
		45FBD77524AAD03400263F21 /* Sources */ = {
			isa = PBXSourcesBuildPhase;
			buildActionMask = 2147483647;
			files = (
				45BE376E24B2D2E200D01B7C /* OperationViewController.swift in Sources */,
				45FBD78124AAD03400263F21 /* ViewController.swift in Sources */,
				45BE8C4024B47AC600856FAC /* ArrayViewController.swift in Sources */,
				45FBD77D24AAD03400263F21 /* AppDelegate.swift in Sources */,
				45E09BAC24B9A4B0009EADA5 /* BlockViewController.swift in Sources */,
				455EE4F024B6BBF900C00CFE /* FuncViewController.swift in Sources */,
				455AAA3624B5993300842D94 /* SetViewController.swift in Sources */,
				4500150924BC0D00009E9041 /* MianTestViewController.swift in Sources */,
				45BE377024B301A100D01B7C /* StringViewController.swift in Sources */,
				455AAA3824B5B3F400842D94 /* DictionaryViewController.swift in Sources */,
				455AAA3A24B5C5C300842D94 /* CommandViewController.swift in Sources */,
				45FBD77F24AAD03400263F21 /* SceneDelegate.swift in Sources */,
			);
			runOnlyForDeploymentPostprocessing = 0;
		};
/* End PBXSourcesBuildPhase section */

/* Begin PBXVariantGroup section */
		45FBD78224AAD03400263F21 /* Main.storyboard */ = {
			isa = PBXVariantGroup;
			children = (
				45FBD78324AAD03400263F21 /* Base */,
			);
			name = Main.storyboard;
			sourceTree = "<group>";
		};
		45FBD78724AAD03800263F21 /* LaunchScreen.storyboard */ = {
			isa = PBXVariantGroup;
			children = (
				45FBD78824AAD03800263F21 /* Base */,
			);
			name = LaunchScreen.storyboard;
			sourceTree = "<group>";
		};
/* End PBXVariantGroup section */

/* Begin XCBuildConfiguration section */
		45FBD78B24AAD03800263F21 /* Debug */ = {
			isa = XCBuildConfiguration;
			buildSettings = {
				ALWAYS_SEARCH_USER_PATHS = NO;
				CLANG_ANALYZER_NONNULL = YES;
				CLANG_ANALYZER_NUMBER_OBJECT_CONVERSION = YES_AGGRESSIVE;
				CLANG_CXX_LANGUAGE_STANDARD = "gnu++14";
				CLANG_CXX_LIBRARY = "libc++";
				CLANG_ENABLE_MODULES = YES;
				CLANG_ENABLE_OBJC_ARC = YES;
				CLANG_ENABLE_OBJC_WEAK = YES;
				CLANG_WARN_BLOCK_CAPTURE_AUTORELEASING = YES;
				CLANG_WARN_BOOL_CONVERSION = YES;
				CLANG_WARN_COMMA = YES;
				CLANG_WARN_CONSTANT_CONVERSION = YES;
				CLANG_WARN_DEPRECATED_OBJC_IMPLEMENTATIONS = YES;
				CLANG_WARN_DIRECT_OBJC_ISA_USAGE = YES_ERROR;
				CLANG_WARN_DOCUMENTATION_COMMENTS = YES;
				CLANG_WARN_EMPTY_BODY = YES;
				CLANG_WARN_ENUM_CONVERSION = YES;
				CLANG_WARN_INFINITE_RECURSION = YES;
				CLANG_WARN_INT_CONVERSION = YES;
				CLANG_WARN_NON_LITERAL_NULL_CONVERSION = YES;
				CLANG_WARN_OBJC_IMPLICIT_RETAIN_SELF = YES;
				CLANG_WARN_OBJC_LITERAL_CONVERSION = YES;
				CLANG_WARN_OBJC_ROOT_CLASS = YES_ERROR;
				CLANG_WARN_RANGE_LOOP_ANALYSIS = YES;
				CLANG_WARN_STRICT_PROTOTYPES = YES;
				CLANG_WARN_SUSPICIOUS_MOVE = YES;
				CLANG_WARN_UNGUARDED_AVAILABILITY = YES_AGGRESSIVE;
				CLANG_WARN_UNREACHABLE_CODE = YES;
				CLANG_WARN__DUPLICATE_METHOD_MATCH = YES;
				COPY_PHASE_STRIP = NO;
				DEBUG_INFORMATION_FORMAT = dwarf;
				ENABLE_STRICT_OBJC_MSGSEND = YES;
				ENABLE_TESTABILITY = YES;
				GCC_C_LANGUAGE_STANDARD = gnu11;
				GCC_DYNAMIC_NO_PIC = NO;
				GCC_NO_COMMON_BLOCKS = YES;
				GCC_OPTIMIZATION_LEVEL = 0;
				GCC_PREPROCESSOR_DEFINITIONS = (
					"DEBUG=1",
					"$(inherited)",
				);
				GCC_WARN_64_TO_32_BIT_CONVERSION = YES;
				GCC_WARN_ABOUT_RETURN_TYPE = YES_ERROR;
				GCC_WARN_UNDECLARED_SELECTOR = YES;
				GCC_WARN_UNINITIALIZED_AUTOS = YES_AGGRESSIVE;
				GCC_WARN_UNUSED_FUNCTION = YES;
				GCC_WARN_UNUSED_VARIABLE = YES;
				IPHONEOS_DEPLOYMENT_TARGET = 13.2;
				MTL_ENABLE_DEBUG_INFO = INCLUDE_SOURCE;
				MTL_FAST_MATH = YES;
				ONLY_ACTIVE_ARCH = YES;
				SDKROOT = iphoneos;
				SWIFT_ACTIVE_COMPILATION_CONDITIONS = DEBUG;
				SWIFT_OPTIMIZATION_LEVEL = "-Onone";
			};
			name = Debug;
		};
		45FBD78C24AAD03800263F21 /* Release */ = {
			isa = XCBuildConfiguration;
			buildSettings = {
				ALWAYS_SEARCH_USER_PATHS = NO;
				CLANG_ANALYZER_NONNULL = YES;
				CLANG_ANALYZER_NUMBER_OBJECT_CONVERSION = YES_AGGRESSIVE;
				CLANG_CXX_LANGUAGE_STANDARD = "gnu++14";
				CLANG_CXX_LIBRARY = "libc++";
				CLANG_ENABLE_MODULES = YES;
				CLANG_ENABLE_OBJC_ARC = YES;
				CLANG_ENABLE_OBJC_WEAK = YES;
				CLANG_WARN_BLOCK_CAPTURE_AUTORELEASING = YES;
				CLANG_WARN_BOOL_CONVERSION = YES;
				CLANG_WARN_COMMA = YES;
				CLANG_WARN_CONSTANT_CONVERSION = YES;
				CLANG_WARN_DEPRECATED_OBJC_IMPLEMENTATIONS = YES;
				CLANG_WARN_DIRECT_OBJC_ISA_USAGE = YES_ERROR;
				CLANG_WARN_DOCUMENTATION_COMMENTS = YES;
				CLANG_WARN_EMPTY_BODY = YES;
				CLANG_WARN_ENUM_CONVERSION = YES;
				CLANG_WARN_INFINITE_RECURSION = YES;
				CLANG_WARN_INT_CONVERSION = YES;
				CLANG_WARN_NON_LITERAL_NULL_CONVERSION = YES;
				CLANG_WARN_OBJC_IMPLICIT_RETAIN_SELF = YES;
				CLANG_WARN_OBJC_LITERAL_CONVERSION = YES;
				CLANG_WARN_OBJC_ROOT_CLASS = YES_ERROR;
				CLANG_WARN_RANGE_LOOP_ANALYSIS = YES;
				CLANG_WARN_STRICT_PROTOTYPES = YES;
				CLANG_WARN_SUSPICIOUS_MOVE = YES;
				CLANG_WARN_UNGUARDED_AVAILABILITY = YES_AGGRESSIVE;
				CLANG_WARN_UNREACHABLE_CODE = YES;
				CLANG_WARN__DUPLICATE_METHOD_MATCH = YES;
				COPY_PHASE_STRIP = NO;
				DEBUG_INFORMATION_FORMAT = "dwarf-with-dsym";
				ENABLE_NS_ASSERTIONS = NO;
				ENABLE_STRICT_OBJC_MSGSEND = YES;
				GCC_C_LANGUAGE_STANDARD = gnu11;
				GCC_NO_COMMON_BLOCKS = YES;
				GCC_WARN_64_TO_32_BIT_CONVERSION = YES;
				GCC_WARN_ABOUT_RETURN_TYPE = YES_ERROR;
				GCC_WARN_UNDECLARED_SELECTOR = YES;
				GCC_WARN_UNINITIALIZED_AUTOS = YES_AGGRESSIVE;
				GCC_WARN_UNUSED_FUNCTION = YES;
				GCC_WARN_UNUSED_VARIABLE = YES;
				IPHONEOS_DEPLOYMENT_TARGET = 13.2;
				MTL_ENABLE_DEBUG_INFO = NO;
				MTL_FAST_MATH = YES;
				SDKROOT = iphoneos;
				SWIFT_COMPILATION_MODE = wholemodule;
				SWIFT_OPTIMIZATION_LEVEL = "-O";
				VALIDATE_PRODUCT = YES;
			};
			name = Release;
		};
		45FBD78E24AAD03800263F21 /* Debug */ = {
			isa = XCBuildConfiguration;
			buildSettings = {
				ASSETCATALOG_COMPILER_APPICON_NAME = AppIcon;
				CODE_SIGN_IDENTITY = "iPhone Developer";
				CODE_SIGN_STYLE = Manual;
				DEVELOPMENT_TEAM = UWL872P7WZ;
				INFOPLIST_FILE = SwiftCourse/Info.plist;
				LD_RUNPATH_SEARCH_PATHS = (
					"$(inherited)",
					"@executable_path/Frameworks",
				);
				PRODUCT_BUNDLE_IDENTIFIER = com.ceteng.3EClassRoomT;
				PRODUCT_NAME = "$(TARGET_NAME)";
				PROVISIONING_PROFILE_SPECIFIER = 3EClassRoom_TT;
				SWIFT_VERSION = 5.0;
				TARGETED_DEVICE_FAMILY = "1,2";
			};
			name = Debug;
		};
		45FBD78F24AAD03800263F21 /* Release */ = {
			isa = XCBuildConfiguration;
			buildSettings = {
				ASSETCATALOG_COMPILER_APPICON_NAME = AppIcon;
				CODE_SIGN_IDENTITY = "iPhone Developer";
				CODE_SIGN_STYLE = Manual;
				DEVELOPMENT_TEAM = UWL872P7WZ;
				INFOPLIST_FILE = SwiftCourse/Info.plist;
				LD_RUNPATH_SEARCH_PATHS = (
					"$(inherited)",
					"@executable_path/Frameworks",
				);
				PRODUCT_BUNDLE_IDENTIFIER = com.ceteng.3EClassRoomT;
				PRODUCT_NAME = "$(TARGET_NAME)";
				PROVISIONING_PROFILE_SPECIFIER = 3EClassRoom_TT;
				SWIFT_VERSION = 5.0;
				TARGETED_DEVICE_FAMILY = "1,2";
			};
			name = Release;
		};
/* End XCBuildConfiguration section */

/* Begin XCConfigurationList section */
		45FBD77424AAD03400263F21 /* Build configuration list for PBXProject "SwiftCourse" */ = {
			isa = XCConfigurationList;
			buildConfigurations = (
				45FBD78B24AAD03800263F21 /* Debug */,
				45FBD78C24AAD03800263F21 /* Release */,
			);
			defaultConfigurationIsVisible = 0;
			defaultConfigurationName = Release;
		};
		45FBD78D24AAD03800263F21 /* Build configuration list for PBXNativeTarget "SwiftCourse" */ = {
			isa = XCConfigurationList;
			buildConfigurations = (
				45FBD78E24AAD03800263F21 /* Debug */,
				45FBD78F24AAD03800263F21 /* Release */,
			);
			defaultConfigurationIsVisible = 0;
			defaultConfigurationName = Release;
		};
/* End XCConfigurationList section */
	};
	rootObject = 45FBD77124AAD03400263F21 /* Project object */;
}
